# THIS IS AN AUTOGENERATED FILE. DO NOT EDIT THIS FILE DIRECTLY.
# yarn lockfile v1


"@chemzqm/tsconfig@^0.0.3":
  version "0.0.3"
  resolved "https://registry.yarnpkg.com/@chemzqm/tsconfig/-/tsconfig-0.0.3.tgz#ce3480d15d8cec46a315488caa07c9fca819aecc"
  integrity sha512-MjF25vbqLYR+S+JJLgBi0vn4gZqv/C87H+yPSlVKEqlIJAJOGJOgFPUFvRS7pdRHqkv2flX/oRxzxhlu2V0X1w==

"@types/node@10.12.0":
  version "10.12.0"
  resolved "https://registry.yarnpkg.com/@types/node/-/node-10.12.0.tgz#ea6dcbddbc5b584c83f06c60e82736d8fbb0c235"
  integrity sha512-3TUHC3jsBAB7qVRGxT6lWyYo2v96BMmD2PTcl47H25Lu7UXtFH/2qqmKiVrnel6Ne//0TFYf6uvNX+HW2FRkLQ==

agent-base@4, agent-base@^4.3.0:
  version "4.3.0"
  resolved "https://registry.yarnpkg.com/agent-base/-/agent-base-4.3.0.tgz#8165f01c436009bccad0b1d122f05ed770efc6ee"
  integrity sha512-salcGninV0nPrwpGNn4VTXBb1SOuXQBiqbrNXoeizJsHrsL6ERFM2Ne3JUSBWRE6aeNJI2ROP/WEEIDUiDe3cg==
  dependencies:
    es6-promisify "^5.0.0"

argparse@^1.0.7:
  version "1.0.10"
  resolved "https://registry.yarnpkg.com/argparse/-/argparse-1.0.10.tgz#bcd6791ea5ae09725e17e5ad988134cd40b3d911"
  integrity sha512-o5Roy6tNG4SL/FOkCAN6RzjiakZS25RLYFrcMttJqbdd8BWrnA+fGz57iN5Pb06pvBGvl5gQ0B48dJlslXvoTg==
  dependencies:
    sprintf-js "~1.0.2"

coc.nvim@^0.0.81-next.2:
  version "0.0.81-next.2"
  resolved "https://registry.yarnpkg.com/coc.nvim/-/coc.nvim-0.0.81-next.2.tgz#66a620d40a0a4b2bb0f7c395d481e92074315679"
  integrity sha512-xDurBuUIJUeDdfj40M5nNrJ4ik2/ZB7xEPaKahD9/jS1bTc9B0+d/yBOZAqVGvsxN6we/EOTt/GvOWyDqNXmNg==

debug@3.1.0:
  version "3.1.0"
  resolved "https://registry.yarnpkg.com/debug/-/debug-3.1.0.tgz#5bb5a0672628b64149566ba16819e61518c67261"
  integrity sha512-OX8XqP7/1a9cqkxYw2yXss15f26NKWBpDXQd0/uK/KPqdQhxbPa994hnzjcE2VqQpDslf55723cKPUOGSmMY3g==
  dependencies:
    ms "2.0.0"

debug@^3.1.0:
  version "3.2.6"
  resolved "https://registry.yarnpkg.com/debug/-/debug-3.2.6.tgz#e83d17de16d8a7efb7717edbe5fb10135eee629b"
  integrity sha512-mel+jf7nrtEl5Pn1Qx46zARXKDpBbvzezse7p7LqINmdoIk8PYP5SySaxEmYv6TZ0JyEKA1hsCId6DIhgITtWQ==
  dependencies:
    ms "^2.1.1"

es6-promise@^4.0.3:
  version "4.2.8"
  resolved "https://registry.yarnpkg.com/es6-promise/-/es6-promise-4.2.8.tgz#4eb21594c972bc40553d276e510539143db53e0a"
  integrity sha512-HJDGx5daxeIvxdBxvG2cb9g4tEvwIk3i8+nhX0yGrYmZUzbkdg8QbDevheDB8gd0//uPj4c1EQua8Q+MViT0/w==

es6-promisify@^5.0.0:
  version "5.0.0"
  resolved "https://registry.yarnpkg.com/es6-promisify/-/es6-promisify-5.0.0.tgz#5109d62f3e56ea967c4b63505aef08291c8a5203"
  integrity sha1-UQnWLz5W6pZ8S2NQWu8IKRyKUgM=
  dependencies:
    es6-promise "^4.0.3"

esbuild@^0.8.51:
  version "0.8.51"
  resolved "https://registry.yarnpkg.com/esbuild/-/esbuild-0.8.51.tgz#1a59f1fee34892f143b7009081f9b4901a564b93"
  integrity sha512-MVIom8fgL1+B6iGqWtrG7QJ1gqd64BycxounlsX1kR/IcIITaSlTo7gghKpg4a+bnxkpo0dwcikuvk4MVSA9ww==

esprima@^4.0.0:
  version "4.0.1"
  resolved "https://registry.yarnpkg.com/esprima/-/esprima-4.0.1.tgz#13b04cdb3e6c5d19df91ab6987a8695619b0aa71"
  integrity sha512-eGuFFw7Upda+g4p+QHvnW0RyTX/SVeJBDM/gCtMARO0cLuT2HcEKnTPvhjV6aGeqrCB/sbNop0Kszm0jsaWU4A==

http-proxy-agent@^2.1.0:
  version "2.1.0"
  resolved "https://registry.yarnpkg.com/http-proxy-agent/-/http-proxy-agent-2.1.0.tgz#e4821beef5b2142a2026bd73926fe537631c5405"
  integrity sha512-qwHbBLV7WviBl0rQsOzH6o5lwyOIvwp/BdFnvVxXORldu5TmjFfjzBcWUWS5kWAZhmv+JtiDhSuQCp4sBfbIgg==
  dependencies:
    agent-base "4"
    debug "3.1.0"

https-proxy-agent@^2.2.3:
  version "2.2.4"
  resolved "https://registry.yarnpkg.com/https-proxy-agent/-/https-proxy-agent-2.2.4.tgz#4ee7a737abd92678a293d9b34a1af4d0d08c787b"
  integrity sha512-OmvfoQ53WLjtA9HeYP9RNrWMJzzAz1JGaSFr1nijg0PVR1JaD/xbJq1mdEIIlxGpXp9eSe/O2LgU9DJmTPd0Eg==
  dependencies:
    agent-base "^4.3.0"
    debug "^3.1.0"

js-yaml@^3.13.1:
  version "3.14.0"
  resolved "https://registry.yarnpkg.com/js-yaml/-/js-yaml-3.14.0.tgz#a7a34170f26a21bb162424d8adacb4113a69e482"
  integrity sha512-/4IbIeHcD9VMHFqDR/gQ7EdZdLimOvW2DdcxFjdyyZ9NsbS+ccrXqVWDtab/lRl5AlUqmpBx8EhPaWR+OtY17A==
  dependencies:
    argparse "^1.0.7"
    esprima "^4.0.0"

jsonc-parser@^2.2.1:
  version "2.3.1"
  resolved "https://registry.yarnpkg.com/jsonc-parser/-/jsonc-parser-2.3.1.tgz#59549150b133f2efacca48fe9ce1ec0659af2342"
  integrity sha512-H8jvkz1O50L3dMZCsLqiuB2tA7muqbSg1AtGEkN0leAqGjsUzDJir3Zwr02BhqdcITPg3ei3mZ+HjMocAknhhg==

jsonc-parser@^3.0.0:
  version "3.0.0"
  resolved "https://registry.yarnpkg.com/jsonc-parser/-/jsonc-parser-3.0.0.tgz#abdd785701c7e7eaca8a9ec8cf070ca51a745a22"
  integrity sha512-fQzRfAbIBnR0IQvftw9FJveWiHp72Fg20giDrHz6TdfB12UH/uue0D3hm57UB5KgAVuniLMCaS8P1IMj9NR7cA==

ms@2.0.0:
  version "2.0.0"
  resolved "https://registry.yarnpkg.com/ms/-/ms-2.0.0.tgz#5608aeadfc00be6c2901df5f9861788de0d597c8"
  integrity sha1-VgiurfwAvmwpAd9fmGF4jeDVl8g=

ms@^2.1.1:
  version "2.1.2"
  resolved "https://registry.yarnpkg.com/ms/-/ms-2.1.2.tgz#d09d1f357b443f493382a8eb3ccd183872ae6009"
  integrity sha512-sGkPx+VjMtmA6MX27oA4FBFELFCZZ4S4XqeGOXCv68tT+jb3vk/RyaKWP0PTKyWtmLSM0b+adUTEvbs1PEaH2w==

prettier@2.0.5:
  version "2.0.5"
  resolved "https://registry.yarnpkg.com/prettier/-/prettier-2.0.5.tgz#d6d56282455243f2f92cc1716692c08aa31522d4"
  integrity sha512-7PtVymN48hGcO4fGjybyBSIWDsLU4H4XlvOHfq91pz9kkGlonzwTfYkaIEwiRg/dAJF9YlbsduBAgtYLi+8cFg==

request-light@^0.2.4:
  version "0.2.5"
  resolved "https://registry.yarnpkg.com/request-light/-/request-light-0.2.5.tgz#38a3da7b2e56f7af8cbba57e8a94930ee2380746"
  integrity sha512-eBEh+GzJAftUnex6tcL6eV2JCifY0+sZMIUpUPOVXbs2nV5hla4ZMmO3icYKGuGVuQ2zHE9evh4OrRcH4iyYYw==
  dependencies:
    http-proxy-agent "^2.1.0"
    https-proxy-agent "^2.2.3"
    vscode-nls "^4.1.1"

sprintf-js@~1.0.2:
  version "1.0.3"
  resolved "https://registry.yarnpkg.com/sprintf-js/-/sprintf-js-1.0.3.tgz#04e6926f662895354f3dd015203633b857297e2c"
  integrity sha1-BOaSb2YolTVPPdAVIDYzuFcpfiw=

typescript@^4.1.2:
  version "4.1.2"
  resolved "https://registry.yarnpkg.com/typescript/-/typescript-4.1.2.tgz#6369ef22516fe5e10304aae5a5c4862db55380e9"
  integrity sha512-thGloWsGH3SOxv1SoY7QojKi0tc+8FnOmiarEGMbd/lar7QOEd3hvlx3Fp5y6FlDUGl9L+pd4n2e+oToGMmhRQ==

vscode-json-languageservice@^3.10.0:
  version "3.11.0"
  resolved "https://registry.yarnpkg.com/vscode-json-languageservice/-/vscode-json-languageservice-3.11.0.tgz#ad574b36c4346bd7830f1d34b5a5213d3af8d232"
  integrity sha512-QxI+qV97uD7HHOCjh3MrM1TfbdwmTXrMckri5Tus1/FQiG3baDZb2C9Y0y8QThs7PwHYBIQXcAc59ZveCRZKPA==
  dependencies:
    jsonc-parser "^3.0.0"
    vscode-languageserver-textdocument "^1.0.1"
    vscode-languageserver-types "3.16.0-next.2"
    vscode-nls "^5.0.0"
    vscode-uri "^2.1.2"

vscode-jsonrpc@^4.0.0:
  version "4.0.0"
  resolved "https://registry.yarnpkg.com/vscode-jsonrpc/-/vscode-jsonrpc-4.0.0.tgz#a7bf74ef3254d0a0c272fab15c82128e378b3be9"
  integrity sha512-perEnXQdQOJMTDFNv+UF3h1Y0z4iSiaN9jIlb0OqIYgosPCZGYh/MCUlkFtV2668PL69lRDO32hmvL2yiidUYg==

vscode-languageserver-protocol@3.14.1:
  version "3.14.1"
  resolved "https://registry.yarnpkg.com/vscode-languageserver-protocol/-/vscode-languageserver-protocol-3.14.1.tgz#b8aab6afae2849c84a8983d39a1cf742417afe2f"
  integrity sha512-IL66BLb2g20uIKog5Y2dQ0IiigW0XKrvmWiOvc0yXw80z3tMEzEnHjaGAb3ENuU7MnQqgnYJ1Cl2l9RvNgDi4g==
  dependencies:
    vscode-jsonrpc "^4.0.0"
    vscode-languageserver-types "3.14.0"

vscode-languageserver-textdocument@^1.0.1:
  version "1.0.1"
  resolved "https://registry.yarnpkg.com/vscode-languageserver-textdocument/-/vscode-languageserver-textdocument-1.0.1.tgz#178168e87efad6171b372add1dea34f53e5d330f"
  integrity sha512-UIcJDjX7IFkck7cSkNNyzIz5FyvpQfY7sdzVy+wkKN/BLaD4DQ0ppXQrKePomCxTS7RrolK1I0pey0bG9eh8dA==

vscode-languageserver-types@3.14.0:
  version "3.14.0"
  resolved "https://registry.yarnpkg.com/vscode-languageserver-types/-/vscode-languageserver-types-3.14.0.tgz#d3b5952246d30e5241592b6dde8280e03942e743"
  integrity sha512-lTmS6AlAlMHOvPQemVwo3CezxBp0sNB95KNPkqp3Nxd5VFEnuG1ByM0zlRWos0zjO3ZWtkvhal0COgiV1xIA4A==

vscode-languageserver-types@3.16.0-next.2:
  version "3.16.0-next.2"
  resolved "https://registry.yarnpkg.com/vscode-languageserver-types/-/vscode-languageserver-types-3.16.0-next.2.tgz#940bd15c992295a65eae8ab6b8568a1e8daa3083"
  integrity sha512-QjXB7CKIfFzKbiCJC4OWC8xUncLsxo19FzGVp/ADFvvi87PlmBSCAtZI5xwGjF5qE0xkLf0jjKUn3DzmpDP52Q==

vscode-languageserver-types@^3.15.1:
  version "3.16.0"
  resolved "https://registry.yarnpkg.com/vscode-languageserver-types/-/vscode-languageserver-types-3.16.0.tgz#ecf393fc121ec6974b2da3efb3155644c514e247"
  integrity sha512-k8luDIWJWyenLc5ToFQQMaSrqCHiLwyKPHKPQZ5zz21vM+vIVUSvsRpcbiECH4WR88K2XZqc4ScRcZ7nk/jbeA==

vscode-languageserver@^5.2.1:
  version "5.2.1"
  resolved "https://registry.yarnpkg.com/vscode-languageserver/-/vscode-languageserver-5.2.1.tgz#0d2feddd33f92aadf5da32450df498d52f6f14eb"
  integrity sha512-GuayqdKZqAwwaCUjDvMTAVRPJOp/SLON3mJ07eGsx/Iq9HjRymhKWztX41rISqDKhHVVyFM+IywICyZDla6U3A==
  dependencies:
    vscode-languageserver-protocol "3.14.1"
    vscode-uri "^1.0.6"

vscode-nls@^4.1.1, vscode-nls@^4.1.2:
  version "4.1.2"
  resolved "https://registry.yarnpkg.com/vscode-nls/-/vscode-nls-4.1.2.tgz#ca8bf8bb82a0987b32801f9fddfdd2fb9fd3c167"
  integrity sha512-7bOHxPsfyuCqmP+hZXscLhiHwe7CSuFE4hyhbs22xPIhQ4jv99FcR4eBzfYYVLP356HNFpdvz63FFb/xw6T4Iw==

vscode-nls@^5.0.0:
  version "5.0.0"
  resolved "https://registry.yarnpkg.com/vscode-nls/-/vscode-nls-5.0.0.tgz#99f0da0bd9ea7cda44e565a74c54b1f2bc257840"
  integrity sha512-u0Lw+IYlgbEJFF6/qAqG2d1jQmJl0eyAGJHoAJqr2HT4M2BNuQYSEiSE75f52pXHSJm8AlTjnLLbBFPrdz2hpA==

vscode-uri@^1.0.6:
  version "1.0.8"
  resolved "https://registry.yarnpkg.com/vscode-uri/-/vscode-uri-1.0.8.tgz#9769aaececae4026fb6e22359cb38946580ded59"
  integrity sha512-obtSWTlbJ+a+TFRYGaUumtVwb+InIUVI0Lu0VBUAPmj2cU5JutEXg3xUE0c2J5Tcy7h2DEKVJBFi+Y9ZSFzzPQ==

vscode-uri@^2.1.1, vscode-uri@^2.1.2:
  version "2.1.2"
  resolved "https://registry.yarnpkg.com/vscode-uri/-/vscode-uri-2.1.2.tgz#c8d40de93eb57af31f3c715dd650e2ca2c096f1c"
  integrity sha512-8TEXQxlldWAuIODdukIb+TR5s+9Ds40eSJrw+1iDDA9IFORPjMELarNQE3myz5XIkWWpdprmJjm1/SxMlWOC8A==

yaml-language-server-parser@next:
  version "0.1.2-a9241ce.0"
  resolved "https://registry.yarnpkg.com/yaml-language-server-parser/-/yaml-language-server-parser-0.1.2-a9241ce.0.tgz#17b382184adbea17b9ba54feaa89ce847358ecfa"
  integrity sha512-I/E6d/G9Cgt1aPeV/SagWYvAy/Z2Q8KhBGpdtSPiEFi7KRIc0Idrk/2B5CLX6hoZySJkEj23qysueTJrP+6cTQ==

yaml-language-server@0.13.1-d0f9b44.0:
  version "0.13.1-d0f9b44.0"
  resolved "https://registry.yarnpkg.com/yaml-language-server/-/yaml-language-server-0.13.1-d0f9b44.0.tgz#f9810b66cfaa494626a38460fa722a5ced591661"
  integrity sha512-6q5NKJiCqB1ptEopsA6pQDNDBnpwQ5o3A6im9Mus9XdB1gM0TCaR2TT9XU13CFo6JoCgVZ6s3lgoUOsbN8Y5Qw==
  dependencies:
    js-yaml "^3.13.1"
    jsonc-parser "^2.2.1"
    request-light "^0.2.4"
    vscode-json-languageservice "^3.10.0"
    vscode-languageserver "^5.2.1"
    vscode-languageserver-types "^3.15.1"
    vscode-nls "^4.1.2"
    vscode-uri "^2.1.1"
    yaml-language-server-parser next
  optionalDependencies:
    prettier "2.0.5"
